
Microsoft Visual Studio Solution File, Format Version 12.00
# Visual Studio Version 17
VisualStudioVersion = 17.5.002.0
MinimumVisualStudioVersion = 10.0.40219.1
Project("{9A19103F-16F7-4668-BE54-9A1E7A4F7556}") = "Gorfe", "Gorfe.csproj", "{14BB4ED2-2824-47F9-9F7F-92B7681AE90F}"
EndProject
Global
	GlobalSection(SolutionConfigurationPlatforms) = preSolution
		Debug|Any CPU = Debug|Any CPU
		Release|Any CPU = Release|Any CPU
	EndGlobalSection
	GlobalSection(ProjectConfigurationPlatforms) = postSolution
		{14BB4ED2-2824-47F9-9F7F-92B7681AE90F}.Debug|Any CPU.ActiveCfg = Debug|Any CPU
		{14BB4ED2-2824-47F9-9F7F-92B7681AE90F}.Debug|Any CPU.Build.0 = Debug|Any CPU
		{14BB4ED2-2824-47F9-9F7F-92B7681AE90F}.Release|Any CPU.ActiveCfg = Release|Any CPU
		{14BB4ED2-2824-47F9-9F7F-92B7681AE90F}.Release|Any CPU.Build.0 = Release|Any CPU
	EndGlobalSection
	GlobalSection(SolutionProperties) = preSolution
		HideSolutionNode = FALSE
	EndGlobalSection
	GlobalSection(ExtensibilityGlobals) = postSolution
		SolutionGuid = {86FE24B4-C9C3-492C-A23B-06DD809B74D7}
	EndGlobalSection
EndGlobal
